// !$*UTF8*$!
{
	archiveVersion = 1;
	classes = {
	};
	objectVersion = 48;
	objects = {

/* Begin PBXBuildFile section */
		5F9BBC9EB7965259A418B311 /* libPods-ArrQTool.a in Frameworks */ = {isa = PBXBuildFile; fileRef = FB9AC0A39F70795457F83C18 /* libPods-ArrQTool.a */; };
		757019FD1FDEC81C00374E9A /* AppDelegate.m in Sources */ = {isa = PBXBuildFile; fileRef = 757019FC1FDEC81C00374E9A /* AppDelegate.m */; };
		75701A001FDEC81C00374E9A /* ViewController.m in Sources */ = {isa = PBXBuildFile; fileRef = 757019FF1FDEC81C00374E9A /* ViewController.m */; };
		75701A031FDEC81C00374E9A /* Main.storyboard in Resources */ = {isa = PBXBuildFile; fileRef = 75701A011FDEC81C00374E9A /* Main.storyboard */; };
		75701A051FDEC81C00374E9A /* Assets.xcassets in Resources */ = {isa = PBXBuildFile; fileRef = 75701A041FDEC81C00374E9A /* Assets.xcassets */; };
		75701A081FDEC81C00374E9A /* LaunchScreen.storyboard in Resources */ = {isa = PBXBuildFile; fileRef = 75701A061FDEC81C00374E9A /* LaunchScreen.storyboard */; };
		75701A0B1FDEC81C00374E9A /* main.m in Sources */ = {isa = PBXBuildFile; fileRef = 75701A0A1FDEC81C00374E9A /* main.m */; };
		75701A151FDEC81D00374E9A /* ArrQToolTests.m in Sources */ = {isa = PBXBuildFile; fileRef = 75701A141FDEC81D00374E9A /* ArrQToolTests.m */; };
		75701A201FDEC81D00374E9A /* ArrQToolUITests.m in Sources */ = {isa = PBXBuildFile; fileRef = 75701A1F1FDEC81D00374E9A /* ArrQToolUITests.m */; };
		75701A2E1FDECA6E00374E9A /* 无线轮播图片资源.xcassets in Resources */ = {isa = PBXBuildFile; fileRef = 75701A2D1FDECA6E00374E9A /* 无线轮播图片资源.xcassets */; };
		75701A331FDECAB700374E9A /* PicturePlayer.m in Sources */ = {isa = PBXBuildFile; fileRef = 75701A321FDECAB700374E9A /* PicturePlayer.m */; };
		75701A371FDECAFD00374E9A /* wuxialunboViewController.m in Sources */ = {isa = PBXBuildFile; fileRef = 75701A361FDECAFD00374E9A /* wuxialunboViewController.m */; };
		75701A4F1FDECE4300374E9A /* SelCell.m in Sources */ = {isa = PBXBuildFile; fileRef = 75701A491FDECE4300374E9A /* SelCell.m */; };
		75701A501FDECE4300374E9A /* SelModel.m in Sources */ = {isa = PBXBuildFile; fileRef = 75701A4B1FDECE4300374E9A /* SelModel.m */; };
		75701A511FDECE4300374E9A /* subSelModel.m in Sources */ = {isa = PBXBuildFile; fileRef = 75701A4D1FDECE4300374E9A /* subSelModel.m */; };
		75701A521FDECE4300374E9A /* TextInfo.json in Resources */ = {isa = PBXBuildFile; fileRef = 75701A4E1FDECE4300374E9A /* TextInfo.json */; };
		75701A551FDECE5B00374E9A /* cellzhankaiViewController.m in Sources */ = {isa = PBXBuildFile; fileRef = 75701A541FDECE5B00374E9A /* cellzhankaiViewController.m */; };
		75701A571FDECEDA00374E9A /* 选中图标.xcassets in Resources */ = {isa = PBXBuildFile; fileRef = 75701A561FDECEDA00374E9A /* 选中图标.xcassets */; };
		75701A5D1FDED07B00374E9A /* ManageColorAttributed.m in Sources */ = {isa = PBXBuildFile; fileRef = 75701A5C1FDED07B00374E9A /* ManageColorAttributed.m */; };
		75701A611FDED10D00374E9A /* zitiViewController.m in Sources */ = {isa = PBXBuildFile; fileRef = 75701A601FDED10D00374E9A /* zitiViewController.m */; };
		75701A631FDED13B00374E9A /* show.xcassets in Resources */ = {isa = PBXBuildFile; fileRef = 75701A621FDED13B00374E9A /* show.xcassets */; };
		75701A771FDED32200374E9A /* jiantingViewController.m in Sources */ = {isa = PBXBuildFile; fileRef = 75701A721FDED32200374E9A /* jiantingViewController.m */; };
		75701A781FDED32200374E9A /* person.m in Sources */ = {isa = PBXBuildFile; fileRef = 75701A741FDED32200374E9A /* person.m */; };
		75701A791FDED32200374E9A /* tttttViewController.m in Sources */ = {isa = PBXBuildFile; fileRef = 75701A761FDED32200374E9A /* tttttViewController.m */; };
		75701A841FDED4BB00374E9A /* CathecticModel.m in Sources */ = {isa = PBXBuildFile; fileRef = 75701A7C1FDED4BA00374E9A /* CathecticModel.m */; };
		75701A851FDED4BB00374E9A /* SGTopScrollMenu.m in Sources */ = {isa = PBXBuildFile; fileRef = 75701A7F1FDED4BA00374E9A /* SGTopScrollMenu.m */; };
		75701A861FDED4BB00374E9A /* UIView+SGExtension.m in Sources */ = {isa = PBXBuildFile; fileRef = 75701A811FDED4BA00374E9A /* UIView+SGExtension.m */; };
		75701A871FDED4BB00374E9A /* TitleScrollView.m in Sources */ = {isa = PBXBuildFile; fileRef = 75701A831FDED4BA00374E9A /* TitleScrollView.m */; };
		75701A8B1FDED4F800374E9A /* showViewController.m in Sources */ = {isa = PBXBuildFile; fileRef = 75701A8A1FDED4F800374E9A /* showViewController.m */; };
		75701A8D1FDED59400374E9A /* show.xcassets in Resources */ = {isa = PBXBuildFile; fileRef = 75701A8C1FDED59400374E9A /* show.xcassets */; };
		75701AB51FDED7AC00374E9A /* DemoTableViewController.m in Sources */ = {isa = PBXBuildFile; fileRef = 75701AA71FDED7AC00374E9A /* DemoTableViewController.m */; };
		75701AB61FDED7AC00374E9A /* headerList.plist in Resources */ = {isa = PBXBuildFile; fileRef = 75701AA81FDED7AC00374E9A /* headerList.plist */; };
		75701AB71FDED7AC00374E9A /* DDCellModel.m in Sources */ = {isa = PBXBuildFile; fileRef = 75701AAB1FDED7AC00374E9A /* DDCellModel.m */; };
		75701AB81FDED7AC00374E9A /* DDSectionModel.m in Sources */ = {isa = PBXBuildFile; fileRef = 75701AAD1FDED7AC00374E9A /* DDSectionModel.m */; };
		75701AB91FDED7AC00374E9A /* UIColor+Extension.m in Sources */ = {isa = PBXBuildFile; fileRef = 75701AAF1FDED7AC00374E9A /* UIColor+Extension.m */; };
		75701ABA1FDED7AC00374E9A /* DDTableViewHeader.m in Sources */ = {isa = PBXBuildFile; fileRef = 75701AB21FDED7AC00374E9A /* DDTableViewHeader.m */; };
		75701ABB1FDED7AC00374E9A /* MoreTableViewCell.m in Sources */ = {isa = PBXBuildFile; fileRef = 75701AB41FDED7AC00374E9A /* MoreTableViewCell.m */; };
		75701ABD1FDED7C600374E9A /* show.xcassets in Resources */ = {isa = PBXBuildFile; fileRef = 75701ABC1FDED7C600374E9A /* show.xcassets */; };
		75701B541FDEDC3700374E9A /* DKSHTMLController.m in Sources */ = {isa = PBXBuildFile; fileRef = 75701B4E1FDEDC3700374E9A /* DKSHTMLController.m */; };
		75701B551FDEDC3700374E9A /* DKSWebViewController.m in Sources */ = {isa = PBXBuildFile; fileRef = 75701B501FDEDC3700374E9A /* DKSWebViewController.m */; };
		75701B561FDEDC3700374E9A /* RootViewController.m in Sources */ = {isa = PBXBuildFile; fileRef = 75701B521FDEDC3700374E9A /* RootViewController.m */; };
		75701B571FDEDC3700374E9A /* RootViewController.xib in Resources */ = {isa = PBXBuildFile; fileRef = 75701B531FDEDC3700374E9A /* RootViewController.xib */; };
/* End PBXBuildFile section */

/* Begin PBXContainerItemProxy section */
		75701A111FDEC81D00374E9A /* PBXContainerItemProxy */ = {
			isa = PBXContainerItemProxy;
			containerPortal = 757019F01FDEC81C00374E9A /* Project object */;
			proxyType = 1;
			remoteGlobalIDString = 757019F71FDEC81C00374E9A;
			remoteInfo = ArrQTool;
		};
		75701A1C1FDEC81D00374E9A /* PBXContainerItemProxy */ = {
			isa = PBXContainerItemProxy;
			containerPortal = 757019F01FDEC81C00374E9A /* Project object */;
			proxyType = 1;
			remoteGlobalIDString = 757019F71FDEC81C00374E9A;
			remoteInfo = ArrQTool;
		};
/* End PBXContainerItemProxy section */

/* Begin PBXFileReference section */
		3C97146B548A38A2C03168FD /* Pods-ArrQTool.release.xcconfig */ = {isa = PBXFileReference; includeInIndex = 1; lastKnownFileType = text.xcconfig; name = "Pods-ArrQTool.release.xcconfig"; path = "Pods/Target Support Files/Pods-ArrQTool/Pods-ArrQTool.release.xcconfig"; sourceTree = "<group>"; };
		41F0E1747560B23F570F88BD /* Pods-ArrQTool.debug.xcconfig */ = {isa = PBXFileReference; includeInIndex = 1; lastKnownFileType = text.xcconfig; name = "Pods-ArrQTool.debug.xcconfig"; path = "Pods/Target Support Files/Pods-ArrQTool/Pods-ArrQTool.debug.xcconfig"; sourceTree = "<group>"; };
		757019F81FDEC81C00374E9A /* ArrQTool.app */ = {isa = PBXFileReference; explicitFileType = wrapper.application; includeInIndex = 0; path = ArrQTool.app; sourceTree = BUILT_PRODUCTS_DIR; };
		757019FB1FDEC81C00374E9A /* AppDelegate.h */ = {isa = PBXFileReference; lastKnownFileType = sourcecode.c.h; path = AppDelegate.h; sourceTree = "<group>"; };
		757019FC1FDEC81C00374E9A /* AppDelegate.m */ = {isa = PBXFileReference; lastKnownFileType = sourcecode.c.objc; path = AppDelegate.m; sourceTree = "<group>"; };
		757019FE1FDEC81C00374E9A /* ViewController.h */ = {isa = PBXFileReference; lastKnownFileType = sourcecode.c.h; path = ViewController.h; sourceTree = "<group>"; };
		757019FF1FDEC81C00374E9A /* ViewController.m */ = {isa = PBXFileReference; lastKnownFileType = sourcecode.c.objc; path = ViewController.m; sourceTree = "<group>"; };
		75701A021FDEC81C00374E9A /* Base */ = {isa = PBXFileReference; lastKnownFileType = file.storyboard; name = Base; path = Base.lproj/Main.storyboard; sourceTree = "<group>"; };
		75701A041FDEC81C00374E9A /* Assets.xcassets */ = {isa = PBXFileReference; lastKnownFileType = folder.assetcatalog; path = Assets.xcassets; sourceTree = "<group>"; };
		75701A071FDEC81C00374E9A /* Base */ = {isa = PBXFileReference; lastKnownFileType = file.storyboard; name = Base; path = Base.lproj/LaunchScreen.storyboard; sourceTree = "<group>"; };
		75701A091FDEC81C00374E9A /* Info.plist */ = {isa = PBXFileReference; lastKnownFileType = text.plist.xml; path = Info.plist; sourceTree = "<group>"; };
		75701A0A1FDEC81C00374E9A /* main.m */ = {isa = PBXFileReference; lastKnownFileType = sourcecode.c.objc; path = main.m; sourceTree = "<group>"; };
		75701A101FDEC81D00374E9A /* ArrQToolTests.xctest */ = {isa = PBXFileReference; explicitFileType = wrapper.cfbundle; includeInIndex = 0; path = ArrQToolTests.xctest; sourceTree = BUILT_PRODUCTS_DIR; };
		75701A141FDEC81D00374E9A /* ArrQToolTests.m */ = {isa = PBXFileReference; lastKnownFileType = sourcecode.c.objc; path = ArrQToolTests.m; sourceTree = "<group>"; };
		75701A161FDEC81D00374E9A /* Info.plist */ = {isa = PBXFileReference; lastKnownFileType = text.plist.xml; path = Info.plist; sourceTree = "<group>"; };
		75701A1B1FDEC81D00374E9A /* ArrQToolUITests.xctest */ = {isa = PBXFileReference; explicitFileType = wrapper.cfbundle; includeInIndex = 0; path = ArrQToolUITests.xctest; sourceTree = BUILT_PRODUCTS_DIR; };
		75701A1F1FDEC81D00374E9A /* ArrQToolUITests.m */ = {isa = PBXFileReference; lastKnownFileType = sourcecode.c.objc; path = ArrQToolUITests.m; sourceTree = "<group>"; };
		75701A211FDEC81D00374E9A /* Info.plist */ = {isa = PBXFileReference; lastKnownFileType = text.plist.xml; path = Info.plist; sourceTree = "<group>"; };
		75701A2D1FDECA6E00374E9A /* 无线轮播图片资源.xcassets */ = {isa = PBXFileReference; lastKnownFileType = folder.assetcatalog; path = "无线轮播图片资源.xcassets"; sourceTree = "<group>"; };
		75701A311FDECAB700374E9A /* PicturePlayer.h */ = {isa = PBXFileReference; fileEncoding = 4; lastKnownFileType = sourcecode.c.h; path = PicturePlayer.h; sourceTree = "<group>"; };
		75701A321FDECAB700374E9A /* PicturePlayer.m */ = {isa = PBXFileReference; fileEncoding = 4; lastKnownFileType = sourcecode.c.objc; path = PicturePlayer.m; sourceTree = "<group>"; };
		75701A351FDECAFD00374E9A /* wuxialunboViewController.h */ = {isa = PBXFileReference; lastKnownFileType = sourcecode.c.h; path = wuxialunboViewController.h; sourceTree = "<group>"; };
		75701A361FDECAFD00374E9A /* wuxialunboViewController.m */ = {isa = PBXFileReference; lastKnownFileType = sourcecode.c.objc; path = wuxialunboViewController.m; sourceTree = "<group>"; };
		75701A481FDECE4300374E9A /* SelCell.h */ = {isa = PBXFileReference; fileEncoding = 4; lastKnownFileType = sourcecode.c.h; path = SelCell.h; sourceTree = "<group>"; };
		75701A491FDECE4300374E9A /* SelCell.m */ = {isa = PBXFileReference; fileEncoding = 4; lastKnownFileType = sourcecode.c.objc; path = SelCell.m; sourceTree = "<group>"; };
		75701A4A1FDECE4300374E9A /* SelModel.h */ = {isa = PBXFileReference; fileEncoding = 4; lastKnownFileType = sourcecode.c.h; path = SelModel.h; sourceTree = "<group>"; };
		75701A4B1FDECE4300374E9A /* SelModel.m */ = {isa = PBXFileReference; fileEncoding = 4; lastKnownFileType = sourcecode.c.objc; path = SelModel.m; sourceTree = "<group>"; };
		75701A4C1FDECE4300374E9A /* subSelModel.h */ = {isa = PBXFileReference; fileEncoding = 4; lastKnownFileType = sourcecode.c.h; path = subSelModel.h; sourceTree = "<group>"; };
		75701A4D1FDECE4300374E9A /* subSelModel.m */ = {isa = PBXFileReference; fileEncoding = 4; lastKnownFileType = sourcecode.c.objc; path = subSelModel.m; sourceTree = "<group>"; };
		75701A4E1FDECE4300374E9A /* TextInfo.json */ = {isa = PBXFileReference; fileEncoding = 4; lastKnownFileType = text.json; path = TextInfo.json; sourceTree = "<group>"; };
		75701A531FDECE5B00374E9A /* cellzhankaiViewController.h */ = {isa = PBXFileReference; lastKnownFileType = sourcecode.c.h; path = cellzhankaiViewController.h; sourceTree = "<group>"; };
		75701A541FDECE5B00374E9A /* cellzhankaiViewController.m */ = {isa = PBXFileReference; lastKnownFileType = sourcecode.c.objc; path = cellzhankaiViewController.m; sourceTree = "<group>"; };
		75701A561FDECEDA00374E9A /* 选中图标.xcassets */ = {isa = PBXFileReference; lastKnownFileType = folder.assetcatalog; path = "选中图标.xcassets"; sourceTree = "<group>"; };
		75701A5B1FDED07B00374E9A /* ManageColorAttributed.h */ = {isa = PBXFileReference; fileEncoding = 4; lastKnownFileType = sourcecode.c.h; path = ManageColorAttributed.h; sourceTree = "<group>"; };
		75701A5C1FDED07B00374E9A /* ManageColorAttributed.m */ = {isa = PBXFileReference; fileEncoding = 4; lastKnownFileType = sourcecode.c.objc; path = ManageColorAttributed.m; sourceTree = "<group>"; };
		75701A5F1FDED10D00374E9A /* zitiViewController.h */ = {isa = PBXFileReference; lastKnownFileType = sourcecode.c.h; path = zitiViewController.h; sourceTree = "<group>"; };
		75701A601FDED10D00374E9A /* zitiViewController.m */ = {isa = PBXFileReference; lastKnownFileType = sourcecode.c.objc; path = zitiViewController.m; sourceTree = "<group>"; };
		75701A621FDED13B00374E9A /* show.xcassets */ = {isa = PBXFileReference; lastKnownFileType = folder.assetcatalog; path = show.xcassets; sourceTree = "<group>"; };
		75701A711FDED32200374E9A /* jiantingViewController.h */ = {isa = PBXFileReference; fileEncoding = 4; lastKnownFileType = sourcecode.c.h; path = jiantingViewController.h; sourceTree = "<group>"; };
		75701A721FDED32200374E9A /* jiantingViewController.m */ = {isa = PBXFileReference; fileEncoding = 4; lastKnownFileType = sourcecode.c.objc; path = jiantingViewController.m; sourceTree = "<group>"; };
		75701A731FDED32200374E9A /* person.h */ = {isa = PBXFileReference; fileEncoding = 4; lastKnownFileType = sourcecode.c.h; path = person.h; sourceTree = "<group>"; };
		75701A741FDED32200374E9A /* person.m */ = {isa = PBXFileReference; fileEncoding = 4; lastKnownFileType = sourcecode.c.objc; path = person.m; sourceTree = "<group>"; };
		75701A751FDED32200374E9A /* tttttViewController.h */ = {isa = PBXFileReference; fileEncoding = 4; lastKnownFileType = sourcecode.c.h; path = tttttViewController.h; sourceTree = "<group>"; };
		75701A761FDED32200374E9A /* tttttViewController.m */ = {isa = PBXFileReference; fileEncoding = 4; lastKnownFileType = sourcecode.c.objc; path = tttttViewController.m; sourceTree = "<group>"; };
		75701A7B1FDED4BA00374E9A /* CathecticModel.h */ = {isa = PBXFileReference; fileEncoding = 4; lastKnownFileType = sourcecode.c.h; path = CathecticModel.h; sourceTree = "<group>"; };
		75701A7C1FDED4BA00374E9A /* CathecticModel.m */ = {isa = PBXFileReference; fileEncoding = 4; lastKnownFileType = sourcecode.c.objc; path = CathecticModel.m; sourceTree = "<group>"; };
		75701A7E1FDED4BA00374E9A /* SGTopScrollMenu.h */ = {isa = PBXFileReference; fileEncoding = 4; lastKnownFileType = sourcecode.c.h; path = SGTopScrollMenu.h; sourceTree = "<group>"; };
		75701A7F1FDED4BA00374E9A /* SGTopScrollMenu.m */ = {isa = PBXFileReference; fileEncoding = 4; lastKnownFileType = sourcecode.c.objc; path = SGTopScrollMenu.m; sourceTree = "<group>"; };
		75701A801FDED4BA00374E9A /* UIView+SGExtension.h */ = {isa = PBXFileReference; fileEncoding = 4; lastKnownFileType = sourcecode.c.h; path = "UIView+SGExtension.h"; sourceTree = "<group>"; };
		75701A811FDED4BA00374E9A /* UIView+SGExtension.m */ = {isa = PBXFileReference; fileEncoding = 4; lastKnownFileType = sourcecode.c.objc; path = "UIView+SGExtension.m"; sourceTree = "<group>"; };
		75701A821FDED4BA00374E9A /* TitleScrollView.h */ = {isa = PBXFileReference; fileEncoding = 4; lastKnownFileType = sourcecode.c.h; path = TitleScrollView.h; sourceTree = "<group>"; };
		75701A831FDED4BA00374E9A /* TitleScrollView.m */ = {isa = PBXFileReference; fileEncoding = 4; lastKnownFileType = sourcecode.c.objc; path = TitleScrollView.m; sourceTree = "<group>"; };
		75701A891FDED4F800374E9A /* showViewController.h */ = {isa = PBXFileReference; lastKnownFileType = sourcecode.c.h; path = showViewController.h; sourceTree = "<group>"; };
		75701A8A1FDED4F800374E9A /* showViewController.m */ = {isa = PBXFileReference; lastKnownFileType = sourcecode.c.objc; path = showViewController.m; sourceTree = "<group>"; };
		75701A8C1FDED59400374E9A /* show.xcassets */ = {isa = PBXFileReference; lastKnownFileType = folder.assetcatalog; path = show.xcassets; sourceTree = "<group>"; };
		75701AA61FDED7AC00374E9A /* DemoTableViewController.h */ = {isa = PBXFileReference; fileEncoding = 4; lastKnownFileType = sourcecode.c.h; path = DemoTableViewController.h; sourceTree = "<group>"; };
		75701AA71FDED7AC00374E9A /* DemoTableViewController.m */ = {isa = PBXFileReference; fileEncoding = 4; lastKnownFileType = sourcecode.c.objc; path = DemoTableViewController.m; sourceTree = "<group>"; };
		75701AA81FDED7AC00374E9A /* headerList.plist */ = {isa = PBXFileReference; fileEncoding = 4; lastKnownFileType = text.plist.xml; path = headerList.plist; sourceTree = "<group>"; };
		75701AAA1FDED7AC00374E9A /* DDCellModel.h */ = {isa = PBXFileReference; fileEncoding = 4; lastKnownFileType = sourcecode.c.h; path = DDCellModel.h; sourceTree = "<group>"; };
		75701AAB1FDED7AC00374E9A /* DDCellModel.m */ = {isa = PBXFileReference; fileEncoding = 4; lastKnownFileType = sourcecode.c.objc; path = DDCellModel.m; sourceTree = "<group>"; };
		75701AAC1FDED7AC00374E9A /* DDSectionModel.h */ = {isa = PBXFileReference; fileEncoding = 4; lastKnownFileType = sourcecode.c.h; path = DDSectionModel.h; sourceTree = "<group>"; };
		75701AAD1FDED7AC00374E9A /* DDSectionModel.m */ = {isa = PBXFileReference; fileEncoding = 4; lastKnownFileType = sourcecode.c.objc; path = DDSectionModel.m; sourceTree = "<group>"; };
		75701AAE1FDED7AC00374E9A /* UIColor+Extension.h */ = {isa = PBXFileReference; fileEncoding = 4; lastKnownFileType = sourcecode.c.h; path = "UIColor+Extension.h"; sourceTree = "<group>"; };
		75701AAF1FDED7AC00374E9A /* UIColor+Extension.m */ = {isa = PBXFileReference; fileEncoding = 4; lastKnownFileType = sourcecode.c.objc; path = "UIColor+Extension.m"; sourceTree = "<group>"; };
		75701AB11FDED7AC00374E9A /* DDTableViewHeader.h */ = {isa = PBXFileReference; fileEncoding = 4; lastKnownFileType = sourcecode.c.h; path = DDTableViewHeader.h; sourceTree = "<group>"; };
		75701AB21FDED7AC00374E9A /* DDTableViewHeader.m */ = {isa = PBXFileReference; fileEncoding = 4; lastKnownFileType = sourcecode.c.objc; path = DDTableViewHeader.m; sourceTree = "<group>"; };
		75701AB31FDED7AC00374E9A /* MoreTableViewCell.h */ = {isa = PBXFileReference; fileEncoding = 4; lastKnownFileType = sourcecode.c.h; path = MoreTableViewCell.h; sourceTree = "<group>"; };
		75701AB41FDED7AC00374E9A /* MoreTableViewCell.m */ = {isa = PBXFileReference; fileEncoding = 4; lastKnownFileType = sourcecode.c.objc; path = MoreTableViewCell.m; sourceTree = "<group>"; };
		75701ABC1FDED7C600374E9A /* show.xcassets */ = {isa = PBXFileReference; lastKnownFileType = folder.assetcatalog; path = show.xcassets; sourceTree = "<group>"; };
		75701B4D1FDEDC3700374E9A /* DKSHTMLController.h */ = {isa = PBXFileReference; fileEncoding = 4; lastKnownFileType = sourcecode.c.h; path = DKSHTMLController.h; sourceTree = "<group>"; };
		75701B4E1FDEDC3700374E9A /* DKSHTMLController.m */ = {isa = PBXFileReference; fileEncoding = 4; lastKnownFileType = sourcecode.c.objc; path = DKSHTMLController.m; sourceTree = "<group>"; };
		75701B4F1FDEDC3700374E9A /* DKSWebViewController.h */ = {isa = PBXFileReference; fileEncoding = 4; lastKnownFileType = sourcecode.c.h; path = DKSWebViewController.h; sourceTree = "<group>"; };
		75701B501FDEDC3700374E9A /* DKSWebViewController.m */ = {isa = PBXFileReference; fileEncoding = 4; lastKnownFileType = sourcecode.c.objc; path = DKSWebViewController.m; sourceTree = "<group>"; };
		75701B511FDEDC3700374E9A /* RootViewController.h */ = {isa = PBXFileReference; fileEncoding = 4; lastKnownFileType = sourcecode.c.h; path = RootViewController.h; sourceTree = "<group>"; };
		75701B521FDEDC3700374E9A /* RootViewController.m */ = {isa = PBXFileReference; fileEncoding = 4; lastKnownFileType = sourcecode.c.objc; path = RootViewController.m; sourceTree = "<group>"; };
		75701B531FDEDC3700374E9A /* RootViewController.xib */ = {isa = PBXFileReference; fileEncoding = 4; lastKnownFileType = file.xib; path = RootViewController.xib; sourceTree = "<group>"; };
		FB9AC0A39F70795457F83C18 /* libPods-ArrQTool.a */ = {isa = PBXFileReference; explicitFileType = archive.ar; includeInIndex = 0; path = "libPods-ArrQTool.a"; sourceTree = BUILT_PRODUCTS_DIR; };
/* End PBXFileReference section */

/* Begin PBXFrameworksBuildPhase section */
		757019F51FDEC81C00374E9A /* Frameworks */ = {
			isa = PBXFrameworksBuildPhase;
			buildActionMask = 2147483647;
			files = (
				5F9BBC9EB7965259A418B311 /* libPods-ArrQTool.a in Frameworks */,
			);
			runOnlyForDeploymentPostprocessing = 0;
		};
		75701A0D1FDEC81D00374E9A /* Frameworks */ = {
			isa = PBXFrameworksBuildPhase;
			buildActionMask = 2147483647;
			files = (
			);
			runOnlyForDeploymentPostprocessing = 0;
		};
		75701A181FDEC81D00374E9A /* Frameworks */ = {
			isa = PBXFrameworksBuildPhase;
			buildActionMask = 2147483647;
			files = (
			);
			runOnlyForDeploymentPostprocessing = 0;
		};
/* End PBXFrameworksBuildPhase section */

/* Begin PBXGroup section */
		4308479F130DF58A4D3A8CC0 /* Pods */ = {
			isa = PBXGroup;
			children = (
				41F0E1747560B23F570F88BD /* Pods-ArrQTool.debug.xcconfig */,
				3C97146B548A38A2C03168FD /* Pods-ArrQTool.release.xcconfig */,
			);
			name = Pods;
			sourceTree = "<group>";
		};
		70C5AF690E17AC024CC4811B /* Frameworks */ = {
			isa = PBXGroup;
			children = (
				FB9AC0A39F70795457F83C18 /* libPods-ArrQTool.a */,
			);
			name = Frameworks;
			sourceTree = "<group>";
		};
		757019EF1FDEC81C00374E9A = {
			isa = PBXGroup;
			children = (
				757019FA1FDEC81C00374E9A /* ArrQTool */,
				75701A131FDEC81D00374E9A /* ArrQToolTests */,
				75701A1E1FDEC81D00374E9A /* ArrQToolUITests */,
				757019F91FDEC81C00374E9A /* Products */,
				4308479F130DF58A4D3A8CC0 /* Pods */,
				70C5AF690E17AC024CC4811B /* Frameworks */,
			);
			sourceTree = "<group>";
		};
		757019F91FDEC81C00374E9A /* Products */ = {
			isa = PBXGroup;
			children = (
				757019F81FDEC81C00374E9A /* ArrQTool.app */,
				75701A101FDEC81D00374E9A /* ArrQToolTests.xctest */,
				75701A1B1FDEC81D00374E9A /* ArrQToolUITests.xctest */,
			);
			name = Products;
			sourceTree = "<group>";
		};
		757019FA1FDEC81C00374E9A /* ArrQTool */ = {
			isa = PBXGroup;
			children = (
				757019FB1FDEC81C00374E9A /* AppDelegate.h */,
				757019FC1FDEC81C00374E9A /* AppDelegate.m */,
				757019FE1FDEC81C00374E9A /* ViewController.h */,
				757019FF1FDEC81C00374E9A /* ViewController.m */,
				75701A2F1FDECAB700374E9A /* Tools(工具) */,
				75701A011FDEC81C00374E9A /* Main.storyboard */,
				75701A041FDEC81C00374E9A /* Assets.xcassets */,
				75701A061FDEC81C00374E9A /* LaunchScreen.storyboard */,
				75701A091FDEC81C00374E9A /* Info.plist */,
				75701A0A1FDEC81C00374E9A /* main.m */,
			);
			path = ArrQTool;
			sourceTree = "<group>";
		};
		75701A131FDEC81D00374E9A /* ArrQToolTests */ = {
			isa = PBXGroup;
			children = (
				75701A141FDEC81D00374E9A /* ArrQToolTests.m */,
				75701A161FDEC81D00374E9A /* Info.plist */,
			);
			path = ArrQToolTests;
			sourceTree = "<group>";
		};
		75701A1E1FDEC81D00374E9A /* ArrQToolUITests */ = {
			isa = PBXGroup;
			children = (
				75701A1F1FDEC81D00374E9A /* ArrQToolUITests.m */,
				75701A211FDEC81D00374E9A /* Info.plist */,
			);
			path = ArrQToolUITests;
			sourceTree = "<group>";
		};
		75701A2F1FDECAB700374E9A /* Tools(工具) */ = {
			isa = PBXGroup;
			children = (
				75701B4B1FDEDC0300374E9A /* 加载HTML */,
				75701A7A1FDED4BA00374E9A /* 滚动条title */,
				75701A641FDED21600374E9A /* 监听+通知 */,
				75701A581FDED07B00374E9A /* 富文本 */,
				75701A381FDECCFC00374E9A /* cell区 */,
				75701A301FDECAB700374E9A /* 无线轮播器 */,
			);
			path = "Tools(工具)";
			sourceTree = "<group>";
		};
		75701A301FDECAB700374E9A /* 无线轮播器 */ = {
			isa = PBXGroup;
			children = (
				75701A341FDECAE000374E9A /* showDemo */,
				75701A311FDECAB700374E9A /* PicturePlayer.h */,
				75701A321FDECAB700374E9A /* PicturePlayer.m */,
			);
			path = "无线轮播器";
			sourceTree = "<group>";
		};
		75701A341FDECAE000374E9A /* showDemo */ = {
			isa = PBXGroup;
			children = (
				75701A351FDECAFD00374E9A /* wuxialunboViewController.h */,
				75701A361FDECAFD00374E9A /* wuxialunboViewController.m */,
				75701A2D1FDECA6E00374E9A /* 无线轮播图片资源.xcassets */,
			);
			path = showDemo;
			sourceTree = "<group>";
		};
		75701A381FDECCFC00374E9A /* cell区 */ = {
			isa = PBXGroup;
			children = (
				75701AA51FDED7AC00374E9A /* showdemo好友 */,
				75701A391FDECD0A00374E9A /* 展开 */,
			);
			path = "cell区";
			sourceTree = "<group>";
		};
		75701A391FDECD0A00374E9A /* 展开 */ = {
			isa = PBXGroup;
			children = (
				75701A471FDECE4300374E9A /* showdemo */,
			);
			path = "展开";
			sourceTree = "<group>";
		};
		75701A471FDECE4300374E9A /* showdemo */ = {
			isa = PBXGroup;
			children = (
				75701A481FDECE4300374E9A /* SelCell.h */,
				75701A491FDECE4300374E9A /* SelCell.m */,
				75701A4A1FDECE4300374E9A /* SelModel.h */,
				75701A4B1FDECE4300374E9A /* SelModel.m */,
				75701A4C1FDECE4300374E9A /* subSelModel.h */,
				75701A4D1FDECE4300374E9A /* subSelModel.m */,
				75701A4E1FDECE4300374E9A /* TextInfo.json */,
				75701A531FDECE5B00374E9A /* cellzhankaiViewController.h */,
				75701A541FDECE5B00374E9A /* cellzhankaiViewController.m */,
				75701A561FDECEDA00374E9A /* 选中图标.xcassets */,
			);
			path = showdemo;
			sourceTree = "<group>";
		};
		75701A581FDED07B00374E9A /* 富文本 */ = {
			isa = PBXGroup;
			children = (
				75701A591FDED07B00374E9A /* 字体调色等 */,
			);
			path = "富文本";
			sourceTree = "<group>";
		};
		75701A591FDED07B00374E9A /* 字体调色等 */ = {
			isa = PBXGroup;
			children = (
				75701A5E1FDED0EF00374E9A /* showdemo */,
				75701A5A1FDED07B00374E9A /* 富文本 */,
			);
			path = "字体调色等";
			sourceTree = "<group>";
		};
		75701A5A1FDED07B00374E9A /* 富文本 */ = {
			isa = PBXGroup;
			children = (
				75701A5B1FDED07B00374E9A /* ManageColorAttributed.h */,
				75701A5C1FDED07B00374E9A /* ManageColorAttributed.m */,
			);
			path = "富文本";
			sourceTree = "<group>";
		};
		75701A5E1FDED0EF00374E9A /* showdemo */ = {
			isa = PBXGroup;
			children = (
				75701A5F1FDED10D00374E9A /* zitiViewController.h */,
				75701A601FDED10D00374E9A /* zitiViewController.m */,
				75701A621FDED13B00374E9A /* show.xcassets */,
			);
			path = showdemo;
			sourceTree = "<group>";
		};
		75701A641FDED21600374E9A /* 监听+通知 */ = {
			isa = PBXGroup;
			children = (
				75701A701FDED32200374E9A /* showdemo */,
			);
			path = "监听+通知";
			sourceTree = "<group>";
		};
		75701A701FDED32200374E9A /* showdemo */ = {
			isa = PBXGroup;
			children = (
				75701A711FDED32200374E9A /* jiantingViewController.h */,
				75701A721FDED32200374E9A /* jiantingViewController.m */,
				75701A731FDED32200374E9A /* person.h */,
				75701A741FDED32200374E9A /* person.m */,
				75701A751FDED32200374E9A /* tttttViewController.h */,
				75701A761FDED32200374E9A /* tttttViewController.m */,
			);
			path = showdemo;
			sourceTree = "<group>";
		};
		75701A7A1FDED4BA00374E9A /* 滚动条title */ = {
			isa = PBXGroup;
			children = (
				75701A881FDED4D500374E9A /* showdemo */,
				75701A7B1FDED4BA00374E9A /* CathecticModel.h */,
				75701A7C1FDED4BA00374E9A /* CathecticModel.m */,
				75701A7D1FDED4BA00374E9A /* SGTopScrollMenu */,
				75701A821FDED4BA00374E9A /* TitleScrollView.h */,
				75701A831FDED4BA00374E9A /* TitleScrollView.m */,
			);
			path = "滚动条title";
			sourceTree = "<group>";
		};
		75701A7D1FDED4BA00374E9A /* SGTopScrollMenu */ = {
			isa = PBXGroup;
			children = (
				75701A7E1FDED4BA00374E9A /* SGTopScrollMenu.h */,
				75701A7F1FDED4BA00374E9A /* SGTopScrollMenu.m */,
				75701A801FDED4BA00374E9A /* UIView+SGExtension.h */,
				75701A811FDED4BA00374E9A /* UIView+SGExtension.m */,
			);
			path = SGTopScrollMenu;
			sourceTree = "<group>";
		};
		75701A881FDED4D500374E9A /* showdemo */ = {
			isa = PBXGroup;
			children = (
				75701A891FDED4F800374E9A /* showViewController.h */,
				75701A8A1FDED4F800374E9A /* showViewController.m */,
				75701A8C1FDED59400374E9A /* show.xcassets */,
			);
			path = showdemo;
			sourceTree = "<group>";
		};
		75701AA51FDED7AC00374E9A /* showdemo好友 */ = {
			isa = PBXGroup;
			children = (
				75701AA61FDED7AC00374E9A /* DemoTableViewController.h */,
				75701AA71FDED7AC00374E9A /* DemoTableViewController.m */,
				75701AA81FDED7AC00374E9A /* headerList.plist */,
				75701AAE1FDED7AC00374E9A /* UIColor+Extension.h */,
				75701AAF1FDED7AC00374E9A /* UIColor+Extension.m */,
				75701AA91FDED7AC00374E9A /* Model */,
				75701AB01FDED7AC00374E9A /* View */,
				75701ABC1FDED7C600374E9A /* show.xcassets */,
			);
			path = "showdemo好友";
			sourceTree = "<group>";
		};
		75701AA91FDED7AC00374E9A /* Model */ = {
			isa = PBXGroup;
			children = (
				75701AAA1FDED7AC00374E9A /* DDCellModel.h */,
				75701AAB1FDED7AC00374E9A /* DDCellModel.m */,
				75701AAC1FDED7AC00374E9A /* DDSectionModel.h */,
				75701AAD1FDED7AC00374E9A /* DDSectionModel.m */,
			);
			path = Model;
			sourceTree = "<group>";
		};
		75701AB01FDED7AC00374E9A /* View */ = {
			isa = PBXGroup;
			children = (
				75701AB11FDED7AC00374E9A /* DDTableViewHeader.h */,
				75701AB21FDED7AC00374E9A /* DDTableViewHeader.m */,
				75701AB31FDED7AC00374E9A /* MoreTableViewCell.h */,
				75701AB41FDED7AC00374E9A /* MoreTableViewCell.m */,
			);
			path = View;
			sourceTree = "<group>";
		};
		75701B4B1FDEDC0300374E9A /* 加载HTML */ = {
			isa = PBXGroup;
			children = (
				75701B4C1FDEDC3700374E9A /* webHtml-1 */,
			);
			path = "加载HTML";
			sourceTree = "<group>";
		};
		75701B4C1FDEDC3700374E9A /* webHtml-1 */ = {
			isa = PBXGroup;
			children = (
				75701B4D1FDEDC3700374E9A /* DKSHTMLController.h */,
				75701B4E1FDEDC3700374E9A /* DKSHTMLController.m */,
				75701B4F1FDEDC3700374E9A /* DKSWebViewController.h */,
				75701B501FDEDC3700374E9A /* DKSWebViewController.m */,
				75701B511FDEDC3700374E9A /* RootViewController.h */,
				75701B521FDEDC3700374E9A /* RootViewController.m */,
				75701B531FDEDC3700374E9A /* RootViewController.xib */,
			);
			path = "webHtml-1";
			sourceTree = "<group>";
		};
/* End PBXGroup section */

/* Begin PBXNativeTarget section */
		757019F71FDEC81C00374E9A /* ArrQTool */ = {
			isa = PBXNativeTarget;
			buildConfigurationList = 75701A241FDEC81D00374E9A /* Build configuration list for PBXNativeTarget "ArrQTool" */;
			buildPhases = (
				889ABB3D46F28E99D8E487C9 /* [CP] Check Pods Manifest.lock */,
				757019F41FDEC81C00374E9A /* Sources */,
				757019F51FDEC81C00374E9A /* Frameworks */,
				757019F61FDEC81C00374E9A /* Resources */,
				BB9944D720C66F8D360578DA /* [CP] Embed Pods Frameworks */,
				5F85D354AC2918321C2D5B56 /* [CP] Copy Pods Resources */,
			);
			buildRules = (
			);
			dependencies = (
			);
			name = ArrQTool;
			productName = ArrQTool;
			productReference = 757019F81FDEC81C00374E9A /* ArrQTool.app */;
			productType = "com.apple.product-type.application";
		};
		75701A0F1FDEC81D00374E9A /* ArrQToolTests */ = {
			isa = PBXNativeTarget;
			buildConfigurationList = 75701A271FDEC81D00374E9A /* Build configuration list for PBXNativeTarget "ArrQToolTests" */;
			buildPhases = (
				75701A0C1FDEC81D00374E9A /* Sources */,
				75701A0D1FDEC81D00374E9A /* Frameworks */,
				75701A0E1FDEC81D00374E9A /* Resources */,
			);
			buildRules = (
			);
			dependencies = (
				75701A121FDEC81D00374E9A /* PBXTargetDependency */,
			);
			name = ArrQToolTests;
			productName = ArrQToolTests;
			productReference = 75701A101FDEC81D00374E9A /* ArrQToolTests.xctest */;
			productType = "com.apple.product-type.bundle.unit-test";
		};
		75701A1A1FDEC81D00374E9A /* ArrQToolUITests */ = {
			isa = PBXNativeTarget;
			buildConfigurationList = 75701A2A1FDEC81D00374E9A /* Build configuration list for PBXNativeTarget "ArrQToolUITests" */;
			buildPhases = (
				75701A171FDEC81D00374E9A /* Sources */,
				75701A181FDEC81D00374E9A /* Frameworks */,
				75701A191FDEC81D00374E9A /* Resources */,
			);
			buildRules = (
			);
			dependencies = (
				75701A1D1FDEC81D00374E9A /* PBXTargetDependency */,
			);
			name = ArrQToolUITests;
			productName = ArrQToolUITests;
			productReference = 75701A1B1FDEC81D00374E9A /* ArrQToolUITests.xctest */;
			productType = "com.apple.product-type.bundle.ui-testing";
		};
/* End PBXNativeTarget section */

/* Begin PBXProject section */
		757019F01FDEC81C00374E9A /* Project object */ = {
			isa = PBXProject;
			attributes = {
				LastUpgradeCheck = 0910;
				ORGANIZATIONNAME = ArrQ;
				TargetAttributes = {
					757019F71FDEC81C00374E9A = {
						CreatedOnToolsVersion = 9.1;
						ProvisioningStyle = Automatic;
					};
					75701A0F1FDEC81D00374E9A = {
						CreatedOnToolsVersion = 9.1;
						ProvisioningStyle = Automatic;
						TestTargetID = 757019F71FDEC81C00374E9A;
					};
					75701A1A1FDEC81D00374E9A = {
						CreatedOnToolsVersion = 9.1;
						ProvisioningStyle = Automatic;
						TestTargetID = 757019F71FDEC81C00374E9A;
					};
				};
			};
			buildConfigurationList = 757019F31FDEC81C00374E9A /* Build configuration list for PBXProject "ArrQTool" */;
			compatibilityVersion = "Xcode 8.0";
			developmentRegion = en;
			hasScannedForEncodings = 0;
			knownRegions = (
				en,
				Base,
			);
			mainGroup = 757019EF1FDEC81C00374E9A;
			productRefGroup = 757019F91FDEC81C00374E9A /* Products */;
			projectDirPath = "";
			projectRoot = "";
			targets = (
				757019F71FDEC81C00374E9A /* ArrQTool */,
				75701A0F1FDEC81D00374E9A /* ArrQToolTests */,
				75701A1A1FDEC81D00374E9A /* ArrQToolUITests */,
			);
		};
/* End PBXProject section */

/* Begin PBXResourcesBuildPhase section */
		757019F61FDEC81C00374E9A /* Resources */ = {
			isa = PBXResourcesBuildPhase;
			buildActionMask = 2147483647;
			files = (
				75701ABD1FDED7C600374E9A /* show.xcassets in Resources */,
				75701A521FDECE4300374E9A /* TextInfo.json in Resources */,
				75701A631FDED13B00374E9A /* show.xcassets in Resources */,
				75701AB61FDED7AC00374E9A /* headerList.plist in Resources */,
				75701A8D1FDED59400374E9A /* show.xcassets in Resources */,
				75701A2E1FDECA6E00374E9A /* 无线轮播图片资源.xcassets in Resources */,
				75701A571FDECEDA00374E9A /* 选中图标.xcassets in Resources */,
				75701A081FDEC81C00374E9A /* LaunchScreen.storyboard in Resources */,
				75701B571FDEDC3700374E9A /* RootViewController.xib in Resources */,
				75701A051FDEC81C00374E9A /* Assets.xcassets in Resources */,
				75701A031FDEC81C00374E9A /* Main.storyboard in Resources */,
			);
			runOnlyForDeploymentPostprocessing = 0;
		};
		75701A0E1FDEC81D00374E9A /* Resources */ = {
			isa = PBXResourcesBuildPhase;
			buildActionMask = 2147483647;
			files = (
			);
			runOnlyForDeploymentPostprocessing = 0;
		};
		75701A191FDEC81D00374E9A /* Resources */ = {
			isa = PBXResourcesBuildPhase;
			buildActionMask = 2147483647;
			files = (
			);
			runOnlyForDeploymentPostprocessing = 0;
		};
/* End PBXResourcesBuildPhase section */

/* Begin PBXShellScriptBuildPhase section */
		5F85D354AC2918321C2D5B56 /* [CP] Copy Pods Resources */ = {
			isa = PBXShellScriptBuildPhase;
			buildActionMask = 2147483647;
			files = (
			);
			inputPaths = (
				"${SRCROOT}/Pods/Target Support Files/Pods-ArrQTool/Pods-ArrQTool-resources.sh",
				"${PODS_ROOT}/IQKeyboardManager/IQKeyboardManager/Resources/IQKeyboardManager.bundle",
				"${PODS_ROOT}/MJRefresh/MJRefresh/MJRefresh.bundle",
			);
			name = "[CP] Copy Pods Resources";
			outputPaths = (
				"${TARGET_BUILD_DIR}/${UNLOCALIZED_RESOURCES_FOLDER_PATH}",
			);
			runOnlyForDeploymentPostprocessing = 0;
			shellPath = /bin/sh;
			shellScript = "\"${SRCROOT}/Pods/Target Support Files/Pods-ArrQTool/Pods-ArrQTool-resources.sh\"\n";
			showEnvVarsInLog = 0;
		};
		889ABB3D46F28E99D8E487C9 /* [CP] Check Pods Manifest.lock */ = {
			isa = PBXShellScriptBuildPhase;
			buildActionMask = 2147483647;
			files = (
			);
			inputPaths = (
				"${PODS_PODFILE_DIR_PATH}/Podfile.lock",
				"${PODS_ROOT}/Manifest.lock",
			);
			name = "[CP] Check Pods Manifest.lock";
			outputPaths = (
				"$(DERIVED_FILE_DIR)/Pods-ArrQTool-checkManifestLockResult.txt",
			);
			runOnlyForDeploymentPostprocessing = 0;
			shellPath = /bin/sh;
			shellScript = "diff \"${PODS_PODFILE_DIR_PATH}/Podfile.lock\" \"${PODS_ROOT}/Manifest.lock\" > /dev/null\nif [ $? != 0 ] ; then\n    # print error to STDERR\n    echo \"error: The sandbox is not in sync with the Podfile.lock. Run 'pod install' or update your CocoaPods installation.\" >&2\n    exit 1\nfi\n# This output is used by Xcode 'outputs' to avoid re-running this script phase.\necho \"SUCCESS\" > \"${SCRIPT_OUTPUT_FILE_0}\"\n";
			showEnvVarsInLog = 0;
		};
		BB9944D720C66F8D360578DA /* [CP] Embed Pods Frameworks */ = {
			isa = PBXShellScriptBuildPhase;
			buildActionMask = 2147483647;
			files = (
			);
			inputPaths = (
			);
			name = "[CP] Embed Pods Frameworks";
			outputPaths = (
			);
			runOnlyForDeploymentPostprocessing = 0;
			shellPath = /bin/sh;
			shellScript = "\"${SRCROOT}/Pods/Target Support Files/Pods-ArrQTool/Pods-ArrQTool-frameworks.sh\"\n";
			showEnvVarsInLog = 0;
		};
/* End PBXShellScriptBuildPhase section */

/* Begin PBXSourcesBuildPhase section */
		757019F41FDEC81C00374E9A /* Sources */ = {
			isa = PBXSourcesBuildPhase;
			buildActionMask = 2147483647;
			files = (
				75701A371FDECAFD00374E9A /* wuxialunboViewController.m in Sources */,
				75701A001FDEC81C00374E9A /* ViewController.m in Sources */,
				75701ABA1FDED7AC00374E9A /* DDTableViewHeader.m in Sources */,
				75701A781FDED32200374E9A /* person.m in Sources */,
				75701A4F1FDECE4300374E9A /* SelCell.m in Sources */,
				75701A0B1FDEC81C00374E9A /* main.m in Sources */,
				75701A841FDED4BB00374E9A /* CathecticModel.m in Sources */,
				75701AB91FDED7AC00374E9A /* UIColor+Extension.m in Sources */,
				75701A791FDED32200374E9A /* tttttViewController.m in Sources */,
				757019FD1FDEC81C00374E9A /* AppDelegate.m in Sources */,
				75701AB71FDED7AC00374E9A /* DDCellModel.m in Sources */,
				75701A501FDECE4300374E9A /* SelModel.m in Sources */,
				75701A8B1FDED4F800374E9A /* showViewController.m in Sources */,
				75701B541FDEDC3700374E9A /* DKSHTMLController.m in Sources */,
				75701AB81FDED7AC00374E9A /* DDSectionModel.m in Sources */,
				75701A771FDED32200374E9A /* jiantingViewController.m in Sources */,
				75701A5D1FDED07B00374E9A /* ManageColorAttributed.m in Sources */,
				75701AB51FDED7AC00374E9A /* DemoTableViewController.m in Sources */,
				75701ABB1FDED7AC00374E9A /* MoreTableViewCell.m in Sources */,
				75701A331FDECAB700374E9A /* PicturePlayer.m in Sources */,
				75701A871FDED4BB00374E9A /* TitleScrollView.m in Sources */,
				75701A511FDECE4300374E9A /* subSelModel.m in Sources */,
				75701B561FDEDC3700374E9A /* RootViewController.m in Sources */,
				75701A861FDED4BB00374E9A /* UIView+SGExtension.m in Sources */,
				75701A851FDED4BB00374E9A /* SGTopScrollMenu.m in Sources */,
				75701A551FDECE5B00374E9A /* cellzhankaiViewController.m in Sources */,
				75701A611FDED10D00374E9A /* zitiViewController.m in Sources */,
				75701B551FDEDC3700374E9A /* DKSWebViewController.m in Sources */,
			);
			runOnlyForDeploymentPostprocessing = 0;
		};
		75701A0C1FDEC81D00374E9A /* Sources */ = {
			isa = PBXSourcesBuildPhase;
			buildActionMask = 2147483647;
			files = (
				75701A151FDEC81D00374E9A /* ArrQToolTests.m in Sources */,
			);
			runOnlyForDeploymentPostprocessing = 0;
		};
		75701A171FDEC81D00374E9A /* Sources */ = {
			isa = PBXSourcesBuildPhase;
			buildActionMask = 2147483647;
			files = (
				75701A201FDEC81D00374E9A /* ArrQToolUITests.m in Sources */,
			);
			runOnlyForDeploymentPostprocessing = 0;
		};
/* End PBXSourcesBuildPhase section */

/* Begin PBXTargetDependency section */
		75701A121FDEC81D00374E9A /* PBXTargetDependency */ = {
			isa = PBXTargetDependency;
			target = 757019F71FDEC81C00374E9A /* ArrQTool */;
			targetProxy = 75701A111FDEC81D00374E9A /* PBXContainerItemProxy */;
		};
		75701A1D1FDEC81D00374E9A /* PBXTargetDependency */ = {
			isa = PBXTargetDependency;
			target = 757019F71FDEC81C00374E9A /* ArrQTool */;
			targetProxy = 75701A1C1FDEC81D00374E9A /* PBXContainerItemProxy */;
		};
/* End PBXTargetDependency section */

/* Begin PBXVariantGroup section */
		75701A011FDEC81C00374E9A /* Main.storyboard */ = {
			isa = PBXVariantGroup;
			children = (
				75701A021FDEC81C00374E9A /* Base */,
			);
			name = Main.storyboard;
			sourceTree = "<group>";
		};
		75701A061FDEC81C00374E9A /* LaunchScreen.storyboard */ = {
			isa = PBXVariantGroup;
			children = (
				75701A071FDEC81C00374E9A /* Base */,
			);
			name = LaunchScreen.storyboard;
			sourceTree = "<group>";
		};
/* End PBXVariantGroup section */

/* Begin XCBuildConfiguration section */
		75701A221FDEC81D00374E9A /* Debug */ = {
			isa = XCBuildConfiguration;
			buildSettings = {
				ALWAYS_SEARCH_USER_PATHS = NO;
				CLANG_ANALYZER_NONNULL = YES;
				CLANG_ANALYZER_NUMBER_OBJECT_CONVERSION = YES_AGGRESSIVE;
				CLANG_CXX_LANGUAGE_STANDARD = "gnu++14";
				CLANG_CXX_LIBRARY = "libc++";
				CLANG_ENABLE_MODULES = YES;
				CLANG_ENABLE_OBJC_ARC = YES;
				CLANG_WARN_BLOCK_CAPTURE_AUTORELEASING = YES;
				CLANG_WARN_BOOL_CONVERSION = YES;
				CLANG_WARN_COMMA = YES;
				CLANG_WARN_CONSTANT_CONVERSION = YES;
				CLANG_WARN_DIRECT_OBJC_ISA_USAGE = YES_ERROR;
				CLANG_WARN_DOCUMENTATION_COMMENTS = YES;
				CLANG_WARN_EMPTY_BODY = YES;
				CLANG_WARN_ENUM_CONVERSION = YES;
				CLANG_WARN_INFINITE_RECURSION = YES;
				CLANG_WARN_INT_CONVERSION = YES;
				CLANG_WARN_NON_LITERAL_NULL_CONVERSION = YES;
				CLANG_WARN_OBJC_LITERAL_CONVERSION = YES;
				CLANG_WARN_OBJC_ROOT_CLASS = YES_ERROR;
				CLANG_WARN_RANGE_LOOP_ANALYSIS = YES;
				CLANG_WARN_STRICT_PROTOTYPES = YES;
				CLANG_WARN_SUSPICIOUS_MOVE = YES;
				CLANG_WARN_UNGUARDED_AVAILABILITY = YES_AGGRESSIVE;
				CLANG_WARN_UNREACHABLE_CODE = YES;
				CLANG_WARN__DUPLICATE_METHOD_MATCH = YES;
				CODE_SIGN_IDENTITY = "iPhone Developer";
				COPY_PHASE_STRIP = NO;
				DEBUG_INFORMATION_FORMAT = dwarf;
				ENABLE_STRICT_OBJC_MSGSEND = YES;
				ENABLE_TESTABILITY = YES;
				GCC_C_LANGUAGE_STANDARD = gnu11;
				GCC_DYNAMIC_NO_PIC = NO;
				GCC_NO_COMMON_BLOCKS = YES;
				GCC_OPTIMIZATION_LEVEL = 0;
				GCC_PREPROCESSOR_DEFINITIONS = (
					"DEBUG=1",
					"$(inherited)",
				);
				GCC_WARN_64_TO_32_BIT_CONVERSION = YES;
				GCC_WARN_ABOUT_RETURN_TYPE = YES_ERROR;
				GCC_WARN_UNDECLARED_SELECTOR = YES;
				GCC_WARN_UNINITIALIZED_AUTOS = YES_AGGRESSIVE;
				GCC_WARN_UNUSED_FUNCTION = YES;
				GCC_WARN_UNUSED_VARIABLE = YES;
				IPHONEOS_DEPLOYMENT_TARGET = 11.1;
				MTL_ENABLE_DEBUG_INFO = YES;
				ONLY_ACTIVE_ARCH = YES;
				SDKROOT = iphoneos;
			};
			name = Debug;
		};
		75701A231FDEC81D00374E9A /* Release */ = {
			isa = XCBuildConfiguration;
			buildSettings = {
				ALWAYS_SEARCH_USER_PATHS = NO;
				CLANG_ANALYZER_NONNULL = YES;
				CLANG_ANALYZER_NUMBER_OBJECT_CONVERSION = YES_AGGRESSIVE;
				CLANG_CXX_LANGUAGE_STANDARD = "gnu++14";
				CLANG_CXX_LIBRARY = "libc++";
				CLANG_ENABLE_MODULES = YES;
				CLANG_ENABLE_OBJC_ARC = YES;
				CLANG_WARN_BLOCK_CAPTURE_AUTORELEASING = YES;
				CLANG_WARN_BOOL_CONVERSION = YES;
				CLANG_WARN_COMMA = YES;
				CLANG_WARN_CONSTANT_CONVERSION = YES;
				CLANG_WARN_DIRECT_OBJC_ISA_USAGE = YES_ERROR;
				CLANG_WARN_DOCUMENTATION_COMMENTS = YES;
				CLANG_WARN_EMPTY_BODY = YES;
				CLANG_WARN_ENUM_CONVERSION = YES;
				CLANG_WARN_INFINITE_RECURSION = YES;
				CLANG_WARN_INT_CONVERSION = YES;
				CLANG_WARN_NON_LITERAL_NULL_CONVERSION = YES;
				CLANG_WARN_OBJC_LITERAL_CONVERSION = YES;
				CLANG_WARN_OBJC_ROOT_CLASS = YES_ERROR;
				CLANG_WARN_RANGE_LOOP_ANALYSIS = YES;
				CLANG_WARN_STRICT_PROTOTYPES = YES;
				CLANG_WARN_SUSPICIOUS_MOVE = YES;
				CLANG_WARN_UNGUARDED_AVAILABILITY = YES_AGGRESSIVE;
				CLANG_WARN_UNREACHABLE_CODE = YES;
				CLANG_WARN__DUPLICATE_METHOD_MATCH = YES;
				CODE_SIGN_IDENTITY = "iPhone Developer";
				COPY_PHASE_STRIP = NO;
				DEBUG_INFORMATION_FORMAT = "dwarf-with-dsym";
				ENABLE_NS_ASSERTIONS = NO;
				ENABLE_STRICT_OBJC_MSGSEND = YES;
				GCC_C_LANGUAGE_STANDARD = gnu11;
				GCC_NO_COMMON_BLOCKS = YES;
				GCC_WARN_64_TO_32_BIT_CONVERSION = YES;
				GCC_WARN_ABOUT_RETURN_TYPE = YES_ERROR;
				GCC_WARN_UNDECLARED_SELECTOR = YES;
				GCC_WARN_UNINITIALIZED_AUTOS = YES_AGGRESSIVE;
				GCC_WARN_UNUSED_FUNCTION = YES;
				GCC_WARN_UNUSED_VARIABLE = YES;
				IPHONEOS_DEPLOYMENT_TARGET = 11.1;
				MTL_ENABLE_DEBUG_INFO = NO;
				SDKROOT = iphoneos;
				VALIDATE_PRODUCT = YES;
			};
			name = Release;
		};
		75701A251FDEC81D00374E9A /* Debug */ = {
			isa = XCBuildConfiguration;
			baseConfigurationReference = 41F0E1747560B23F570F88BD /* Pods-ArrQTool.debug.xcconfig */;
			buildSettings = {
				ASSETCATALOG_COMPILER_APPICON_NAME = AppIcon;
				CODE_SIGN_STYLE = Automatic;
				INFOPLIST_FILE = ArrQTool/Info.plist;
				LD_RUNPATH_SEARCH_PATHS = "$(inherited) @executable_path/Frameworks";
				PRODUCT_BUNDLE_IDENTIFIER = ArrQ.ArrQTool;
				PRODUCT_NAME = "$(TARGET_NAME)";
				TARGETED_DEVICE_FAMILY = 1;
			};
			name = Debug;
		};
		75701A261FDEC81D00374E9A /* Release */ = {
			isa = XCBuildConfiguration;
			baseConfigurationReference = 3C97146B548A38A2C03168FD /* Pods-ArrQTool.release.xcconfig */;
			buildSettings = {
				ASSETCATALOG_COMPILER_APPICON_NAME = AppIcon;
				CODE_SIGN_STYLE = Automatic;
				INFOPLIST_FILE = ArrQTool/Info.plist;
				LD_RUNPATH_SEARCH_PATHS = "$(inherited) @executable_path/Frameworks";
				PRODUCT_BUNDLE_IDENTIFIER = ArrQ.ArrQTool;
				PRODUCT_NAME = "$(TARGET_NAME)";
				TARGETED_DEVICE_FAMILY = 1;
			};
			name = Release;
		};
		75701A281FDEC81D00374E9A /* Debug */ = {
			isa = XCBuildConfiguration;
			buildSettings = {
				BUNDLE_LOADER = "$(TEST_HOST)";
				CODE_SIGN_STYLE = Automatic;
				INFOPLIST_FILE = ArrQToolTests/Info.plist;
				LD_RUNPATH_SEARCH_PATHS = "$(inherited) @executable_path/Frameworks @loader_path/Frameworks";
				PRODUCT_BUNDLE_IDENTIFIER = ArrQ.ArrQToolTests;
				PRODUCT_NAME = "$(TARGET_NAME)";
				TARGETED_DEVICE_FAMILY = "1,2";
				TEST_HOST = "$(BUILT_PRODUCTS_DIR)/ArrQTool.app/ArrQTool";
			};
			name = Debug;
		};
		75701A291FDEC81D00374E9A /* Release */ = {
			isa = XCBuildConfiguration;
			buildSettings = {
				BUNDLE_LOADER = "$(TEST_HOST)";
				CODE_SIGN_STYLE = Automatic;
				INFOPLIST_FILE = ArrQToolTests/Info.plist;
				LD_RUNPATH_SEARCH_PATHS = "$(inherited) @executable_path/Frameworks @loader_path/Frameworks";
				PRODUCT_BUNDLE_IDENTIFIER = ArrQ.ArrQToolTests;
				PRODUCT_NAME = "$(TARGET_NAME)";
				TARGETED_DEVICE_FAMILY = "1,2";
				TEST_HOST = "$(BUILT_PRODUCTS_DIR)/ArrQTool.app/ArrQTool";
			};
			name = Release;
		};
		75701A2B1FDEC81D00374E9A /* Debug */ = {
			isa = XCBuildConfiguration;
			buildSettings = {
				CODE_SIGN_STYLE = Automatic;
				INFOPLIST_FILE = ArrQToolUITests/Info.plist;
				LD_RUNPATH_SEARCH_PATHS = "$(inherited) @executable_path/Frameworks @loader_path/Frameworks";
				PRODUCT_BUNDLE_IDENTIFIER = ArrQ.ArrQToolUITests;
				PRODUCT_NAME = "$(TARGET_NAME)";
				TARGETED_DEVICE_FAMILY = "1,2";
				TEST_TARGET_NAME = ArrQTool;
			};
			name = Debug;
		};
		75701A2C1FDEC81D00374E9A /* Release */ = {
			isa = XCBuildConfiguration;
			buildSettings = {
				CODE_SIGN_STYLE = Automatic;
				INFOPLIST_FILE = ArrQToolUITests/Info.plist;
				LD_RUNPATH_SEARCH_PATHS = "$(inherited) @executable_path/Frameworks @loader_path/Frameworks";
				PRODUCT_BUNDLE_IDENTIFIER = ArrQ.ArrQToolUITests;
				PRODUCT_NAME = "$(TARGET_NAME)";
				TARGETED_DEVICE_FAMILY = "1,2";
				TEST_TARGET_NAME = ArrQTool;
			};
			name = Release;
		};
/* End XCBuildConfiguration section */

/* Begin XCConfigurationList section */
		757019F31FDEC81C00374E9A /* Build configuration list for PBXProject "ArrQTool" */ = {
			isa = XCConfigurationList;
			buildConfigurations = (
				75701A221FDEC81D00374E9A /* Debug */,
				75701A231FDEC81D00374E9A /* Release */,
			);
			defaultConfigurationIsVisible = 0;
			defaultConfigurationName = Release;
		};
		75701A241FDEC81D00374E9A /* Build configuration list for PBXNativeTarget "ArrQTool" */ = {
			isa = XCConfigurationList;
			buildConfigurations = (
				75701A251FDEC81D00374E9A /* Debug */,
				75701A261FDEC81D00374E9A /* Release */,
			);
			defaultConfigurationIsVisible = 0;
			defaultConfigurationName = Release;
		};
		75701A271FDEC81D00374E9A /* Build configuration list for PBXNativeTarget "ArrQToolTests" */ = {
			isa = XCConfigurationList;
			buildConfigurations = (
				75701A281FDEC81D00374E9A /* Debug */,
				75701A291FDEC81D00374E9A /* Release */,
			);
			defaultConfigurationIsVisible = 0;
			defaultConfigurationName = Release;
		};
		75701A2A1FDEC81D00374E9A /* Build configuration list for PBXNativeTarget "ArrQToolUITests" */ = {
			isa = XCConfigurationList;
			buildConfigurations = (
				75701A2B1FDEC81D00374E9A /* Debug */,
				75701A2C1FDEC81D00374E9A /* Release */,
			);
			defaultConfigurationIsVisible = 0;
			defaultConfigurationName = Release;
		};
/* End XCConfigurationList section */
	};
	rootObject = 757019F01FDEC81C00374E9A /* Project object */;
}
